
Microsoft Visual Studio Solution File, Format Version 12.00
# Visual Studio Version 17
VisualStudioVersion = 17.14.36202.13 d17.14
MinimumVisualStudioVersion = 10.0.40219.1
Project("{FAE04EC0-301F-11D3-BF4B-00C04F79EFBC}") = "Bai01", "Bai01\Bai01.csproj", "{74D6B3CE-0871-4D73-AFD0-45B845C2CF5B}"
EndProject
Project("{FAE04EC0-301F-11D3-BF4B-00C04F79EFBC}") = "Bai02", "Bai02\Bai02.csproj", "{11B00D81-C474-4F97-9D56-3667C95E0A6C}"
EndProject
Project("{FAE04EC0-301F-11D3-BF4B-00C04F79EFBC}") = "Bai03", "Bai03\Bai03.csproj", "{89DE3BF1-B76B-4734-A670-DA22B323B8E0}"
EndProject
Project("{FAE04EC0-301F-11D3-BF4B-00C04F79EFBC}") = "Bai04", "Bai04\Bai04.csproj", "{41C640EB-5FC7-4E9D-AEC4-E75AB2434250}"
EndProject
Project("{FAE04EC0-301F-11D3-BF4B-00C04F79EFBC}") = "Bai05", "Bai05\Bai05.csproj", "{7A93B07B-F71D-49B7-9CB5-98D1E11DBF07}"
EndProject
Project("{FAE04EC0-301F-11D3-BF4B-00C04F79EFBC}") = "Bai06", "Bai06\Bai06.csproj", "{36CA894A-D227-4EF6-A698-52474EAF58C1}"
EndProject
Global
	GlobalSection(SolutionConfigurationPlatforms) = preSolution
		Debug|Any CPU = Debug|Any CPU
		Release|Any CPU = Release|Any CPU
	EndGlobalSection
	GlobalSection(ProjectConfigurationPlatforms) = postSolution
		{74D6B3CE-0871-4D73-AFD0-45B845C2CF5B}.Debug|Any CPU.ActiveCfg = Debug|Any CPU
		{74D6B3CE-0871-4D73-AFD0-45B845C2CF5B}.Debug|Any CPU.Build.0 = Debug|Any CPU
		{74D6B3CE-0871-4D73-AFD0-45B845C2CF5B}.Release|Any CPU.ActiveCfg = Release|Any CPU
		{74D6B3CE-0871-4D73-AFD0-45B845C2CF5B}.Release|Any CPU.Build.0 = Release|Any CPU
		{11B00D81-C474-4F97-9D56-3667C95E0A6C}.Debug|Any CPU.ActiveCfg = Debug|Any CPU
		{11B00D81-C474-4F97-9D56-3667C95E0A6C}.Debug|Any CPU.Build.0 = Debug|Any CPU
		{11B00D81-C474-4F97-9D56-3667C95E0A6C}.Release|Any CPU.ActiveCfg = Release|Any CPU
		{11B00D81-C474-4F97-9D56-3667C95E0A6C}.Release|Any CPU.Build.0 = Release|Any CPU
		{89DE3BF1-B76B-4734-A670-DA22B323B8E0}.Debug|Any CPU.ActiveCfg = Debug|Any CPU
		{89DE3BF1-B76B-4734-A670-DA22B323B8E0}.Debug|Any CPU.Build.0 = Debug|Any CPU
		{89DE3BF1-B76B-4734-A670-DA22B323B8E0}.Release|Any CPU.ActiveCfg = Release|Any CPU
		{89DE3BF1-B76B-4734-A670-DA22B323B8E0}.Release|Any CPU.Build.0 = Release|Any CPU
		{41C640EB-5FC7-4E9D-AEC4-E75AB2434250}.Debug|Any CPU.ActiveCfg = Debug|Any CPU
		{41C640EB-5FC7-4E9D-AEC4-E75AB2434250}.Debug|Any CPU.Build.0 = Debug|Any CPU
		{41C640EB-5FC7-4E9D-AEC4-E75AB2434250}.Release|Any CPU.ActiveCfg = Release|Any CPU
		{41C640EB-5FC7-4E9D-AEC4-E75AB2434250}.Release|Any CPU.Build.0 = Release|Any CPU
		{7A93B07B-F71D-49B7-9CB5-98D1E11DBF07}.Debug|Any CPU.ActiveCfg = Debug|Any CPU
		{7A93B07B-F71D-49B7-9CB5-98D1E11DBF07}.Debug|Any CPU.Build.0 = Debug|Any CPU
		{7A93B07B-F71D-49B7-9CB5-98D1E11DBF07}.Release|Any CPU.ActiveCfg = Release|Any CPU
		{7A93B07B-F71D-49B7-9CB5-98D1E11DBF07}.Release|Any CPU.Build.0 = Release|Any CPU
		{36CA894A-D227-4EF6-A698-52474EAF58C1}.Debug|Any CPU.ActiveCfg = Debug|Any CPU
		{36CA894A-D227-4EF6-A698-52474EAF58C1}.Debug|Any CPU.Build.0 = Debug|Any CPU
		{36CA894A-D227-4EF6-A698-52474EAF58C1}.Release|Any CPU.ActiveCfg = Release|Any CPU
		{36CA894A-D227-4EF6-A698-52474EAF58C1}.Release|Any CPU.Build.0 = Release|Any CPU
	EndGlobalSection
	GlobalSection(SolutionProperties) = preSolution
		HideSolutionNode = FALSE
	EndGlobalSection
	GlobalSection(ExtensibilityGlobals) = postSolution
		SolutionGuid = {9D0B7805-0642-4B03-9EDB-38C0821BB5AF}
	EndGlobalSection
EndGlobal
