
Microsoft Visual Studio Solution File, Format Version 12.00
# Visual Studio Version 17
VisualStudioVersion = 17.13.35828.75 d17.13
MinimumVisualStudioVersion = 10.0.40219.1
Project("{FAE04EC0-301F-11D3-BF4B-00C04F79EFBC}") = "Bai01", "Bai01.csproj", "{236D744C-1FB5-43D8-A3E7-220A096C56A0}"
EndProject
Global
	GlobalSection(SolutionConfigurationPlatforms) = preSolution
		Debug|Any CPU = Debug|Any CPU
		Release|Any CPU = Release|Any CPU
	EndGlobalSection
	GlobalSection(ProjectConfigurationPlatforms) = postSolution
		{236D744C-1FB5-43D8-A3E7-220A096C56A0}.Debug|Any CPU.ActiveCfg = Debug|Any CPU
		{236D744C-1FB5-43D8-A3E7-220A096C56A0}.Debug|Any CPU.Build.0 = Debug|Any CPU
		{236D744C-1FB5-43D8-A3E7-220A096C56A0}.Release|Any CPU.ActiveCfg = Release|Any CPU
		{236D744C-1FB5-43D8-A3E7-220A096C56A0}.Release|Any CPU.Build.0 = Release|Any CPU
	EndGlobalSection
	GlobalSection(SolutionProperties) = preSolution
		HideSolutionNode = FALSE
	EndGlobalSection
	GlobalSection(ExtensibilityGlobals) = postSolution
		SolutionGuid = {48156D80-71CE-4D9D-A65C-7D48323D3066}
	EndGlobalSection
EndGlobal
