
Microsoft Visual Studio Solution File, Format Version 12.00
# Visual Studio Version 17
VisualStudioVersion = 17.14.36202.13
MinimumVisualStudioVersion = 10.0.40219.1
Project("{FAE04EC0-301F-11D3-BF4B-00C04F79EFBC}") = "Bai02", "Bai02\Bai02.csproj", "{131FE3BF-DC03-4903-9D43-0BE8AF559538}"
EndProject
Project("{FAE04EC0-301F-11D3-BF4B-00C04F79EFBC}") = "Bai03", "Bai03\Bai03.csproj", "{BD79B3F8-A394-4D23-9DE7-8AD039889019}"
EndProject
Project("{FAE04EC0-301F-11D3-BF4B-00C04F79EFBC}") = "Bai04", "Bai04\Bai04.csproj", "{CB2E7924-B419-44D2-8F73-483F51F87748}"
EndProject
Project("{FAE04EC0-301F-11D3-BF4B-00C04F79EFBC}") = "Bai05", "Bai05\Bai05.csproj", "{208F4669-D7AC-423C-9073-45B2CB2980DF}"
EndProject
Project("{FAE04EC0-301F-11D3-BF4B-00C04F79EFBC}") = "Bai07", "Bai07\Bai07.csproj", "{A6848B44-2D0B-4F3E-B6B4-E83CCD31CC53}"
EndProject
Project("{FAE04EC0-301F-11D3-BF4B-00C04F79EFBC}") = "Bai01", "Bai01\Bai01.csproj", "{A9829522-166B-4C8A-B32B-6592A2DA2D74}"
EndProject
Project("{FAE04EC0-301F-11D3-BF4B-00C04F79EFBC}") = "Bai06", "Bai06\Bai06.csproj", "{0C6A0294-3E03-4889-838F-7D132D67959D}"
EndProject
Global
	GlobalSection(SolutionConfigurationPlatforms) = preSolution
		Debug|Any CPU = Debug|Any CPU
		Release|Any CPU = Release|Any CPU
	EndGlobalSection
	GlobalSection(ProjectConfigurationPlatforms) = postSolution
		{131FE3BF-DC03-4903-9D43-0BE8AF559538}.Debug|Any CPU.ActiveCfg = Debug|Any CPU
		{131FE3BF-DC03-4903-9D43-0BE8AF559538}.Debug|Any CPU.Build.0 = Debug|Any CPU
		{131FE3BF-DC03-4903-9D43-0BE8AF559538}.Release|Any CPU.ActiveCfg = Release|Any CPU
		{131FE3BF-DC03-4903-9D43-0BE8AF559538}.Release|Any CPU.Build.0 = Release|Any CPU
		{BD79B3F8-A394-4D23-9DE7-8AD039889019}.Debug|Any CPU.ActiveCfg = Debug|Any CPU
		{BD79B3F8-A394-4D23-9DE7-8AD039889019}.Debug|Any CPU.Build.0 = Debug|Any CPU
		{BD79B3F8-A394-4D23-9DE7-8AD039889019}.Release|Any CPU.ActiveCfg = Release|Any CPU
		{BD79B3F8-A394-4D23-9DE7-8AD039889019}.Release|Any CPU.Build.0 = Release|Any CPU
		{CB2E7924-B419-44D2-8F73-483F51F87748}.Debug|Any CPU.ActiveCfg = Debug|Any CPU
		{CB2E7924-B419-44D2-8F73-483F51F87748}.Debug|Any CPU.Build.0 = Debug|Any CPU
		{CB2E7924-B419-44D2-8F73-483F51F87748}.Release|Any CPU.ActiveCfg = Release|Any CPU
		{CB2E7924-B419-44D2-8F73-483F51F87748}.Release|Any CPU.Build.0 = Release|Any CPU
		{208F4669-D7AC-423C-9073-45B2CB2980DF}.Debug|Any CPU.ActiveCfg = Debug|Any CPU
		{208F4669-D7AC-423C-9073-45B2CB2980DF}.Debug|Any CPU.Build.0 = Debug|Any CPU
		{208F4669-D7AC-423C-9073-45B2CB2980DF}.Release|Any CPU.ActiveCfg = Release|Any CPU
		{208F4669-D7AC-423C-9073-45B2CB2980DF}.Release|Any CPU.Build.0 = Release|Any CPU
		{A6848B44-2D0B-4F3E-B6B4-E83CCD31CC53}.Debug|Any CPU.ActiveCfg = Debug|Any CPU
		{A6848B44-2D0B-4F3E-B6B4-E83CCD31CC53}.Debug|Any CPU.Build.0 = Debug|Any CPU
		{A6848B44-2D0B-4F3E-B6B4-E83CCD31CC53}.Release|Any CPU.ActiveCfg = Release|Any CPU
		{A6848B44-2D0B-4F3E-B6B4-E83CCD31CC53}.Release|Any CPU.Build.0 = Release|Any CPU
		{A9829522-166B-4C8A-B32B-6592A2DA2D74}.Debug|Any CPU.ActiveCfg = Debug|Any CPU
		{A9829522-166B-4C8A-B32B-6592A2DA2D74}.Debug|Any CPU.Build.0 = Debug|Any CPU
		{A9829522-166B-4C8A-B32B-6592A2DA2D74}.Release|Any CPU.ActiveCfg = Release|Any CPU
		{A9829522-166B-4C8A-B32B-6592A2DA2D74}.Release|Any CPU.Build.0 = Release|Any CPU
		{0C6A0294-3E03-4889-838F-7D132D67959D}.Debug|Any CPU.ActiveCfg = Debug|Any CPU
		{0C6A0294-3E03-4889-838F-7D132D67959D}.Debug|Any CPU.Build.0 = Debug|Any CPU
		{0C6A0294-3E03-4889-838F-7D132D67959D}.Release|Any CPU.ActiveCfg = Release|Any CPU
		{0C6A0294-3E03-4889-838F-7D132D67959D}.Release|Any CPU.Build.0 = Release|Any CPU
	EndGlobalSection
	GlobalSection(SolutionProperties) = preSolution
		HideSolutionNode = FALSE
	EndGlobalSection
	GlobalSection(ExtensibilityGlobals) = postSolution
		SolutionGuid = {D934A066-7961-46E4-8AC2-085D88E9E3B0}
	EndGlobalSection
EndGlobal
